
Microsoft Visual Studio Solution File, Format Version 12.00
# Visual Studio Version 17
VisualStudioVersion = 17.11.35303.130
MinimumVisualStudioVersion = 10.0.40219.1
Project("{FAE04EC0-301F-11D3-BF4B-00C04F79EFBC}") = "SoapDemo", "SoapDemo\SoapDemo.csproj", "{E7106560-775D-4793-8EE7-D3728E88D89F}"
EndProject
Project("{FAE04EC0-301F-11D3-BF4B-00C04F79EFBC}") = "ConsoleApp1", "ConsoleApp1\ConsoleApp1.csproj", "{EB74D8B8-B7AB-46F5-9C3C-B3020D4379A2}"
EndProject
Global
	GlobalSection(SolutionConfigurationPlatforms) = preSolution
		Debug|Any CPU = Debug|Any CPU
		Release|Any CPU = Release|Any CPU
	EndGlobalSection
	GlobalSection(ProjectConfigurationPlatforms) = postSolution
		{E7106560-775D-4793-8EE7-D3728E88D89F}.Debug|Any CPU.ActiveCfg = Debug|Any CPU
		{E7106560-775D-4793-8EE7-D3728E88D89F}.Debug|Any CPU.Build.0 = Debug|Any CPU
		{E7106560-775D-4793-8EE7-D3728E88D89F}.Release|Any CPU.ActiveCfg = Release|Any CPU
		{E7106560-775D-4793-8EE7-D3728E88D89F}.Release|Any CPU.Build.0 = Release|Any CPU
		{EB74D8B8-B7AB-46F5-9C3C-B3020D4379A2}.Debug|Any CPU.ActiveCfg = Debug|Any CPU
		{EB74D8B8-B7AB-46F5-9C3C-B3020D4379A2}.Debug|Any CPU.Build.0 = Debug|Any CPU
		{EB74D8B8-B7AB-46F5-9C3C-B3020D4379A2}.Release|Any CPU.ActiveCfg = Release|Any CPU
		{EB74D8B8-B7AB-46F5-9C3C-B3020D4379A2}.Release|Any CPU.Build.0 = Release|Any CPU
	EndGlobalSection
	GlobalSection(SolutionProperties) = preSolution
		HideSolutionNode = FALSE
	EndGlobalSection
	GlobalSection(ExtensibilityGlobals) = postSolution
		SolutionGuid = {98EFDB37-38C8-44CD-B21F-EC93229E5990}
	EndGlobalSection
EndGlobal
